// !$*UTF8*$!
{
	archiveVersion = 1;
	classes = {
	};
	objectVersion = 50;
	objects = {

/* Begin PBXBuildFile section */
		A437F50E20F38DAA002975B6 /* AppDelegate.m in Sources */ = {isa = PBXBuildFile; fileRef = A437F50D20F38DAA002975B6 /* AppDelegate.m */; };
		A437F51620F38DAB002975B6 /* Assets.xcassets in Resources */ = {isa = PBXBuildFile; fileRef = A437F51520F38DAB002975B6 /* Assets.xcassets */; };
		A437F51920F38DAB002975B6 /* LaunchScreen.storyboard in Resources */ = {isa = PBXBuildFile; fileRef = A437F51720F38DAB002975B6 /* LaunchScreen.storyboard */; };
		A437F51C20F38DAB002975B6 /* main.m in Sources */ = {isa = PBXBuildFile; fileRef = A437F51B20F38DAB002975B6 /* main.m */; };
		A437F52620F38DAB002975B6 /* EverydayPushTagTests.m in Sources */ = {isa = PBXBuildFile; fileRef = A437F52520F38DAB002975B6 /* EverydayPushTagTests.m */; };
		A437F53120F38DAB002975B6 /* EverydayPushTagUITests.m in Sources */ = {isa = PBXBuildFile; fileRef = A437F53020F38DAB002975B6 /* EverydayPushTagUITests.m */; };
		A437F54020F38EEB002975B6 /* SBHomeController.m in Sources */ = {isa = PBXBuildFile; fileRef = A437F53F20F38EEB002975B6 /* SBHomeController.m */; };
		A437F54420F391D5002975B6 /* SBTagView.m in Sources */ = {isa = PBXBuildFile; fileRef = A437F54320F391D5002975B6 /* SBTagView.m */; };
		A46671052100423500DE5832 /* LYSDateContentView.m in Sources */ = {isa = PBXBuildFile; fileRef = A46670E32100423500DE5832 /* LYSDateContentView.m */; };
		A46671062100423500DE5832 /* LYSDatePopViewController.m in Sources */ = {isa = PBXBuildFile; fileRef = A46670E72100423500DE5832 /* LYSDatePopViewController.m */; };
		A46671072100423500DE5832 /* LYSDateBaseViewController.m in Sources */ = {isa = PBXBuildFile; fileRef = A46670EF2100423500DE5832 /* LYSDateBaseViewController.m */; };
		A46671082100423500DE5832 /* LYSDateLogicViewController.m in Sources */ = {isa = PBXBuildFile; fileRef = A46670F02100423500DE5832 /* LYSDateLogicViewController.m */; };
		A46671092100423500DE5832 /* LYSDatePickerViewController.m in Sources */ = {isa = PBXBuildFile; fileRef = A46670F32100423500DE5832 /* LYSDatePickerViewController.m */; };
		A466710A2100423500DE5832 /* LYSDateHeaderViewController.m in Sources */ = {isa = PBXBuildFile; fileRef = A46670F42100423500DE5832 /* LYSDateHeaderViewController.m */; };
		A466710B2100423500DE5832 /* LYSDatePickerLabel.m in Sources */ = {isa = PBXBuildFile; fileRef = A46670F52100423500DE5832 /* LYSDatePickerLabel.m */; };
		A466710C2100423500DE5832 /* LYSDatePickerTypeDayAndTimeDelegate.m in Sources */ = {isa = PBXBuildFile; fileRef = A46670F72100423500DE5832 /* LYSDatePickerTypeDayAndTimeDelegate.m */; };
		A466710D2100423500DE5832 /* LYSDateBasicViewController.m in Sources */ = {isa = PBXBuildFile; fileRef = A46670F82100423500DE5832 /* LYSDateBasicViewController.m */; };
		A466710E2100423500DE5832 /* LYSDateIndicatorViewController.m in Sources */ = {isa = PBXBuildFile; fileRef = A46670F92100423500DE5832 /* LYSDateIndicatorViewController.m */; };
		A466710F2100423500DE5832 /* LYSDatePickerManager.m in Sources */ = {isa = PBXBuildFile; fileRef = A46670FB2100423500DE5832 /* LYSDatePickerManager.m */; };
		A46671102100423500DE5832 /* LYSDatePickerTypeDayDelegate.m in Sources */ = {isa = PBXBuildFile; fileRef = A46670FD2100423500DE5832 /* LYSDatePickerTypeDayDelegate.m */; };
		A46671112100423500DE5832 /* LYSDatePickerTypeTimeDelegate.m in Sources */ = {isa = PBXBuildFile; fileRef = A46670FE2100423500DE5832 /* LYSDatePickerTypeTimeDelegate.m */; };
		A46671122100423500DE5832 /* LYSDatePickerItem.m in Sources */ = {isa = PBXBuildFile; fileRef = A46670FF2100423500DE5832 /* LYSDatePickerItem.m */; };
		A46671132100423500DE5832 /* LYSDatePickerTypeBase.m in Sources */ = {isa = PBXBuildFile; fileRef = A46671002100423500DE5832 /* LYSDatePickerTypeBase.m */; };
		A46671142100423500DE5832 /* LYSDatePickerController.m in Sources */ = {isa = PBXBuildFile; fileRef = A46671022100423500DE5832 /* LYSDatePickerController.m */; };
		A46671152100423500DE5832 /* LYSDatePickerHeaderView.m in Sources */ = {isa = PBXBuildFile; fileRef = A46671032100423500DE5832 /* LYSDatePickerHeaderView.m */; };
		A4BB888220F65C68005B70B0 /* SBModel.m in Sources */ = {isa = PBXBuildFile; fileRef = A4BB888120F65C68005B70B0 /* SBModel.m */; };
		A4BB888920F77E3F005B70B0 /* C415F3F13BBD50B1-info.plist in Resources */ = {isa = PBXBuildFile; fileRef = A4BB888420F77E3F005B70B0 /* C415F3F13BBD50B1-info.plist */; };
		A4BB888A20F77E3F005B70B0 /* STLVideoFunctions.m in Sources */ = {isa = PBXBuildFile; fileRef = A4BB888620F77E3F005B70B0 /* STLVideoFunctions.m */; };
		A4BB888B20F77E3F005B70B0 /* STLVideoViewController.m in Sources */ = {isa = PBXBuildFile; fileRef = A4BB888720F77E3F005B70B0 /* STLVideoViewController.m */; };
		A4BB889420F7987A005B70B0 /* BridgeLoop-640p.MOV in Resources */ = {isa = PBXBuildFile; fileRef = A4BB889320F7987A005B70B0 /* BridgeLoop-640p.MOV */; };
		A4D2E47B20F4EC1A001F5ADE /* SBRecordController.m in Sources */ = {isa = PBXBuildFile; fileRef = A4D2E47A20F4EC1A001F5ADE /* SBRecordController.m */; };
		A4D2E47E20F4EC6E001F5ADE /* SBFileManager.m in Sources */ = {isa = PBXBuildFile; fileRef = A4D2E47D20F4EC6E001F5ADE /* SBFileManager.m */; };
		A4D2E48E20F4FCC0001F5ADE /* SBDataManager.m in Sources */ = {isa = PBXBuildFile; fileRef = A4D2E48D20F4FCC0001F5ADE /* SBDataManager.m */; };
		A4E9EA0820F4B0AD00C27FE5 /* SBTimeView.m in Sources */ = {isa = PBXBuildFile; fileRef = A4E9EA0720F4B0AD00C27FE5 /* SBTimeView.m */; };
		A4E9EA0C20F4B14A00C27FE5 /* SBTimeManager.m in Sources */ = {isa = PBXBuildFile; fileRef = A4E9EA0B20F4B14A00C27FE5 /* SBTimeManager.m */; };
		BFAD25C43755AA5AEC501A56 /* libPods-EverydayPushTag.a in Frameworks */ = {isa = PBXBuildFile; fileRef = CDC07B4D9B1BF7BC39BFE652 /* libPods-EverydayPushTag.a */; };
/* End PBXBuildFile section */

/* Begin PBXContainerItemProxy section */
		A437F52220F38DAB002975B6 /* PBXContainerItemProxy */ = {
			isa = PBXContainerItemProxy;
			containerPortal = A437F50120F38DAA002975B6 /* Project object */;
			proxyType = 1;
			remoteGlobalIDString = A437F50820F38DAA002975B6;
			remoteInfo = EverydayPushTag;
		};
		A437F52D20F38DAB002975B6 /* PBXContainerItemProxy */ = {
			isa = PBXContainerItemProxy;
			containerPortal = A437F50120F38DAA002975B6 /* Project object */;
			proxyType = 1;
			remoteGlobalIDString = A437F50820F38DAA002975B6;
			remoteInfo = EverydayPushTag;
		};
/* End PBXContainerItemProxy section */

/* Begin PBXFileReference section */
		1331632E6E5849BDF5955E30 /* Pods-EverydayPushTag.release.xcconfig */ = {isa = PBXFileReference; includeInIndex = 1; lastKnownFileType = text.xcconfig; name = "Pods-EverydayPushTag.release.xcconfig"; path = "Pods/Target Support Files/Pods-EverydayPushTag/Pods-EverydayPushTag.release.xcconfig"; sourceTree = "<group>"; };
		A437F50920F38DAA002975B6 /* EverydayPushTag.app */ = {isa = PBXFileReference; explicitFileType = wrapper.application; includeInIndex = 0; path = EverydayPushTag.app; sourceTree = BUILT_PRODUCTS_DIR; };
		A437F50C20F38DAA002975B6 /* AppDelegate.h */ = {isa = PBXFileReference; lastKnownFileType = sourcecode.c.h; path = AppDelegate.h; sourceTree = "<group>"; };
		A437F50D20F38DAA002975B6 /* AppDelegate.m */ = {isa = PBXFileReference; lastKnownFileType = sourcecode.c.objc; path = AppDelegate.m; sourceTree = "<group>"; };
		A437F51520F38DAB002975B6 /* Assets.xcassets */ = {isa = PBXFileReference; lastKnownFileType = folder.assetcatalog; path = Assets.xcassets; sourceTree = "<group>"; };
		A437F51820F38DAB002975B6 /* Base */ = {isa = PBXFileReference; lastKnownFileType = file.storyboard; name = Base; path = Base.lproj/LaunchScreen.storyboard; sourceTree = "<group>"; };
		A437F51A20F38DAB002975B6 /* Info.plist */ = {isa = PBXFileReference; lastKnownFileType = text.plist.xml; path = Info.plist; sourceTree = "<group>"; };
		A437F51B20F38DAB002975B6 /* main.m */ = {isa = PBXFileReference; lastKnownFileType = sourcecode.c.objc; path = main.m; sourceTree = "<group>"; };
		A437F52120F38DAB002975B6 /* EverydayPushTagTests.xctest */ = {isa = PBXFileReference; explicitFileType = wrapper.cfbundle; includeInIndex = 0; path = EverydayPushTagTests.xctest; sourceTree = BUILT_PRODUCTS_DIR; };
		A437F52520F38DAB002975B6 /* EverydayPushTagTests.m */ = {isa = PBXFileReference; lastKnownFileType = sourcecode.c.objc; path = EverydayPushTagTests.m; sourceTree = "<group>"; };
		A437F52720F38DAB002975B6 /* Info.plist */ = {isa = PBXFileReference; lastKnownFileType = text.plist.xml; path = Info.plist; sourceTree = "<group>"; };
		A437F52C20F38DAB002975B6 /* EverydayPushTagUITests.xctest */ = {isa = PBXFileReference; explicitFileType = wrapper.cfbundle; includeInIndex = 0; path = EverydayPushTagUITests.xctest; sourceTree = BUILT_PRODUCTS_DIR; };
		A437F53020F38DAB002975B6 /* EverydayPushTagUITests.m */ = {isa = PBXFileReference; lastKnownFileType = sourcecode.c.objc; path = EverydayPushTagUITests.m; sourceTree = "<group>"; };
		A437F53220F38DAB002975B6 /* Info.plist */ = {isa = PBXFileReference; lastKnownFileType = text.plist.xml; path = Info.plist; sourceTree = "<group>"; };
		A437F53E20F38EEB002975B6 /* SBHomeController.h */ = {isa = PBXFileReference; lastKnownFileType = sourcecode.c.h; path = SBHomeController.h; sourceTree = "<group>"; };
		A437F53F20F38EEB002975B6 /* SBHomeController.m */ = {isa = PBXFileReference; lastKnownFileType = sourcecode.c.objc; path = SBHomeController.m; sourceTree = "<group>"; };
		A437F54220F391D5002975B6 /* SBTagView.h */ = {isa = PBXFileReference; lastKnownFileType = sourcecode.c.h; path = SBTagView.h; sourceTree = "<group>"; };
		A437F54320F391D5002975B6 /* SBTagView.m */ = {isa = PBXFileReference; lastKnownFileType = sourcecode.c.objc; path = SBTagView.m; sourceTree = "<group>"; };
		A46670E22100423500DE5832 /* LYSDatePickerTypeDayAndTimeDelegate.h */ = {isa = PBXFileReference; fileEncoding = 4; lastKnownFileType = sourcecode.c.h; path = LYSDatePickerTypeDayAndTimeDelegate.h; sourceTree = "<group>"; };
		A46670E32100423500DE5832 /* LYSDateContentView.m */ = {isa = PBXFileReference; fileEncoding = 4; lastKnownFileType = sourcecode.c.objc; path = LYSDateContentView.m; sourceTree = "<group>"; };
		A46670E42100423500DE5832 /* LYSDateHeaderViewController.h */ = {isa = PBXFileReference; fileEncoding = 4; lastKnownFileType = sourcecode.c.h; path = LYSDateHeaderViewController.h; sourceTree = "<group>"; };
		A46670E52100423500DE5832 /* LYSDatePickerLabel.h */ = {isa = PBXFileReference; fileEncoding = 4; lastKnownFileType = sourcecode.c.h; path = LYSDatePickerLabel.h; sourceTree = "<group>"; };
		A46670E62100423500DE5832 /* LYSDatePickerManager.h */ = {isa = PBXFileReference; fileEncoding = 4; lastKnownFileType = sourcecode.c.h; path = LYSDatePickerManager.h; sourceTree = "<group>"; };
		A46670E72100423500DE5832 /* LYSDatePopViewController.m */ = {isa = PBXFileReference; fileEncoding = 4; lastKnownFileType = sourcecode.c.objc; path = LYSDatePopViewController.m; sourceTree = "<group>"; };
		A46670E82100423500DE5832 /* LYSDateIndicatorViewController.h */ = {isa = PBXFileReference; fileEncoding = 4; lastKnownFileType = sourcecode.c.h; path = LYSDateIndicatorViewController.h; sourceTree = "<group>"; };
		A46670E92100423500DE5832 /* LYSDateBasicViewController.h */ = {isa = PBXFileReference; fileEncoding = 4; lastKnownFileType = sourcecode.c.h; path = LYSDateBasicViewController.h; sourceTree = "<group>"; };
		A46670EA2100423500DE5832 /* LYSDatePickerTypeBase.h */ = {isa = PBXFileReference; fileEncoding = 4; lastKnownFileType = sourcecode.c.h; path = LYSDatePickerTypeBase.h; sourceTree = "<group>"; };
		A46670EB2100423500DE5832 /* LYSDatePickerSelectDelegate.h */ = {isa = PBXFileReference; fileEncoding = 4; lastKnownFileType = sourcecode.c.h; path = LYSDatePickerSelectDelegate.h; sourceTree = "<group>"; };
		A46670EC2100423500DE5832 /* LYSDatePickerItem.h */ = {isa = PBXFileReference; fileEncoding = 4; lastKnownFileType = sourcecode.c.h; path = LYSDatePickerItem.h; sourceTree = "<group>"; };
		A46670ED2100423500DE5832 /* LYSDatePickerTypeDayDelegate.h */ = {isa = PBXFileReference; fileEncoding = 4; lastKnownFileType = sourcecode.c.h; path = LYSDatePickerTypeDayDelegate.h; sourceTree = "<group>"; };
		A46670EE2100423500DE5832 /* LYSDatePickerTypeTimeDelegate.h */ = {isa = PBXFileReference; fileEncoding = 4; lastKnownFileType = sourcecode.c.h; path = LYSDatePickerTypeTimeDelegate.h; sourceTree = "<group>"; };
		A46670EF2100423500DE5832 /* LYSDateBaseViewController.m */ = {isa = PBXFileReference; fileEncoding = 4; lastKnownFileType = sourcecode.c.objc; path = LYSDateBaseViewController.m; sourceTree = "<group>"; };
		A46670F02100423500DE5832 /* LYSDateLogicViewController.m */ = {isa = PBXFileReference; fileEncoding = 4; lastKnownFileType = sourcecode.c.objc; path = LYSDateLogicViewController.m; sourceTree = "<group>"; };
		A46670F12100423500DE5832 /* LYSDatePickerHeaderView.h */ = {isa = PBXFileReference; fileEncoding = 4; lastKnownFileType = sourcecode.c.h; path = LYSDatePickerHeaderView.h; sourceTree = "<group>"; };
		A46670F22100423500DE5832 /* LYSDatePickerController.h */ = {isa = PBXFileReference; fileEncoding = 4; lastKnownFileType = sourcecode.c.h; path = LYSDatePickerController.h; sourceTree = "<group>"; };
		A46670F32100423500DE5832 /* LYSDatePickerViewController.m */ = {isa = PBXFileReference; fileEncoding = 4; lastKnownFileType = sourcecode.c.objc; path = LYSDatePickerViewController.m; sourceTree = "<group>"; };
		A46670F42100423500DE5832 /* LYSDateHeaderViewController.m */ = {isa = PBXFileReference; fileEncoding = 4; lastKnownFileType = sourcecode.c.objc; path = LYSDateHeaderViewController.m; sourceTree = "<group>"; };
		A46670F52100423500DE5832 /* LYSDatePickerLabel.m */ = {isa = PBXFileReference; fileEncoding = 4; lastKnownFileType = sourcecode.c.objc; path = LYSDatePickerLabel.m; sourceTree = "<group>"; };
		A46670F62100423500DE5832 /* LYSDateContentView.h */ = {isa = PBXFileReference; fileEncoding = 4; lastKnownFileType = sourcecode.c.h; path = LYSDateContentView.h; sourceTree = "<group>"; };
		A46670F72100423500DE5832 /* LYSDatePickerTypeDayAndTimeDelegate.m */ = {isa = PBXFileReference; fileEncoding = 4; lastKnownFileType = sourcecode.c.objc; path = LYSDatePickerTypeDayAndTimeDelegate.m; sourceTree = "<group>"; };
		A46670F82100423500DE5832 /* LYSDateBasicViewController.m */ = {isa = PBXFileReference; fileEncoding = 4; lastKnownFileType = sourcecode.c.objc; path = LYSDateBasicViewController.m; sourceTree = "<group>"; };
		A46670F92100423500DE5832 /* LYSDateIndicatorViewController.m */ = {isa = PBXFileReference; fileEncoding = 4; lastKnownFileType = sourcecode.c.objc; path = LYSDateIndicatorViewController.m; sourceTree = "<group>"; };
		A46670FA2100423500DE5832 /* LYSDatePopViewController.h */ = {isa = PBXFileReference; fileEncoding = 4; lastKnownFileType = sourcecode.c.h; path = LYSDatePopViewController.h; sourceTree = "<group>"; };
		A46670FB2100423500DE5832 /* LYSDatePickerManager.m */ = {isa = PBXFileReference; fileEncoding = 4; lastKnownFileType = sourcecode.c.objc; path = LYSDatePickerManager.m; sourceTree = "<group>"; };
		A46670FC2100423500DE5832 /* LYSDateBaseViewController.h */ = {isa = PBXFileReference; fileEncoding = 4; lastKnownFileType = sourcecode.c.h; path = LYSDateBaseViewController.h; sourceTree = "<group>"; };
		A46670FD2100423500DE5832 /* LYSDatePickerTypeDayDelegate.m */ = {isa = PBXFileReference; fileEncoding = 4; lastKnownFileType = sourcecode.c.objc; path = LYSDatePickerTypeDayDelegate.m; sourceTree = "<group>"; };
		A46670FE2100423500DE5832 /* LYSDatePickerTypeTimeDelegate.m */ = {isa = PBXFileReference; fileEncoding = 4; lastKnownFileType = sourcecode.c.objc; path = LYSDatePickerTypeTimeDelegate.m; sourceTree = "<group>"; };
		A46670FF2100423500DE5832 /* LYSDatePickerItem.m */ = {isa = PBXFileReference; fileEncoding = 4; lastKnownFileType = sourcecode.c.objc; path = LYSDatePickerItem.m; sourceTree = "<group>"; };
		A46671002100423500DE5832 /* LYSDatePickerTypeBase.m */ = {isa = PBXFileReference; fileEncoding = 4; lastKnownFileType = sourcecode.c.objc; path = LYSDatePickerTypeBase.m; sourceTree = "<group>"; };
		A46671012100423500DE5832 /* LYSDatePickerViewController.h */ = {isa = PBXFileReference; fileEncoding = 4; lastKnownFileType = sourcecode.c.h; path = LYSDatePickerViewController.h; sourceTree = "<group>"; };
		A46671022100423500DE5832 /* LYSDatePickerController.m */ = {isa = PBXFileReference; fileEncoding = 4; lastKnownFileType = sourcecode.c.objc; path = LYSDatePickerController.m; sourceTree = "<group>"; };
		A46671032100423500DE5832 /* LYSDatePickerHeaderView.m */ = {isa = PBXFileReference; fileEncoding = 4; lastKnownFileType = sourcecode.c.objc; path = LYSDatePickerHeaderView.m; sourceTree = "<group>"; };
		A46671042100423500DE5832 /* LYSDateLogicViewController.h */ = {isa = PBXFileReference; fileEncoding = 4; lastKnownFileType = sourcecode.c.h; path = LYSDateLogicViewController.h; sourceTree = "<group>"; };
		A4BB888020F65C68005B70B0 /* SBModel.h */ = {isa = PBXFileReference; lastKnownFileType = sourcecode.c.h; path = SBModel.h; sourceTree = "<group>"; };
		A4BB888120F65C68005B70B0 /* SBModel.m */ = {isa = PBXFileReference; lastKnownFileType = sourcecode.c.objc; path = SBModel.m; sourceTree = "<group>"; };
		A4BB888420F77E3F005B70B0 /* C415F3F13BBD50B1-info.plist */ = {isa = PBXFileReference; fileEncoding = 4; lastKnownFileType = text.plist.xml; path = "C415F3F13BBD50B1-info.plist"; sourceTree = "<group>"; };
		A4BB888520F77E3F005B70B0 /* STLVideoViewController.h */ = {isa = PBXFileReference; fileEncoding = 4; lastKnownFileType = sourcecode.c.h; path = STLVideoViewController.h; sourceTree = "<group>"; };
		A4BB888620F77E3F005B70B0 /* STLVideoFunctions.m */ = {isa = PBXFileReference; fileEncoding = 4; lastKnownFileType = sourcecode.c.objc; path = STLVideoFunctions.m; sourceTree = "<group>"; };
		A4BB888720F77E3F005B70B0 /* STLVideoViewController.m */ = {isa = PBXFileReference; fileEncoding = 4; lastKnownFileType = sourcecode.c.objc; path = STLVideoViewController.m; sourceTree = "<group>"; };
		A4BB888820F77E3F005B70B0 /* STLVideoFunctions.h */ = {isa = PBXFileReference; fileEncoding = 4; lastKnownFileType = sourcecode.c.h; path = STLVideoFunctions.h; sourceTree = "<group>"; };
		A4BB889320F7987A005B70B0 /* BridgeLoop-640p.MOV */ = {isa = PBXFileReference; lastKnownFileType = video.quicktime; path = "BridgeLoop-640p.MOV"; sourceTree = "<group>"; };
		A4D2E47920F4EC1A001F5ADE /* SBRecordController.h */ = {isa = PBXFileReference; lastKnownFileType = sourcecode.c.h; path = SBRecordController.h; sourceTree = "<group>"; };
		A4D2E47A20F4EC1A001F5ADE /* SBRecordController.m */ = {isa = PBXFileReference; lastKnownFileType = sourcecode.c.objc; path = SBRecordController.m; sourceTree = "<group>"; };
		A4D2E47C20F4EC6E001F5ADE /* SBFileManager.h */ = {isa = PBXFileReference; lastKnownFileType = sourcecode.c.h; path = SBFileManager.h; sourceTree = "<group>"; };
		A4D2E47D20F4EC6E001F5ADE /* SBFileManager.m */ = {isa = PBXFileReference; lastKnownFileType = sourcecode.c.objc; path = SBFileManager.m; sourceTree = "<group>"; };
		A4D2E47F20F4EC9C001F5ADE /* SBTAG_PrefixHeader.pch */ = {isa = PBXFileReference; lastKnownFileType = sourcecode.c.h; path = SBTAG_PrefixHeader.pch; sourceTree = "<group>"; };
		A4D2E48C20F4FCBF001F5ADE /* SBDataManager.h */ = {isa = PBXFileReference; fileEncoding = 4; lastKnownFileType = sourcecode.c.h; path = SBDataManager.h; sourceTree = "<group>"; };
		A4D2E48D20F4FCC0001F5ADE /* SBDataManager.m */ = {isa = PBXFileReference; fileEncoding = 4; lastKnownFileType = sourcecode.c.objc; path = SBDataManager.m; sourceTree = "<group>"; };
		A4E9EA0620F4B0AD00C27FE5 /* SBTimeView.h */ = {isa = PBXFileReference; lastKnownFileType = sourcecode.c.h; path = SBTimeView.h; sourceTree = "<group>"; };
		A4E9EA0720F4B0AD00C27FE5 /* SBTimeView.m */ = {isa = PBXFileReference; lastKnownFileType = sourcecode.c.objc; path = SBTimeView.m; sourceTree = "<group>"; };
		A4E9EA0A20F4B14A00C27FE5 /* SBTimeManager.h */ = {isa = PBXFileReference; lastKnownFileType = sourcecode.c.h; path = SBTimeManager.h; sourceTree = "<group>"; };
		A4E9EA0B20F4B14A00C27FE5 /* SBTimeManager.m */ = {isa = PBXFileReference; lastKnownFileType = sourcecode.c.objc; path = SBTimeManager.m; sourceTree = "<group>"; };
		A637411ECAE0AB28FE50B6F4 /* Pods-EverydayPushTag.debug.xcconfig */ = {isa = PBXFileReference; includeInIndex = 1; lastKnownFileType = text.xcconfig; name = "Pods-EverydayPushTag.debug.xcconfig"; path = "Pods/Target Support Files/Pods-EverydayPushTag/Pods-EverydayPushTag.debug.xcconfig"; sourceTree = "<group>"; };
		CDC07B4D9B1BF7BC39BFE652 /* libPods-EverydayPushTag.a */ = {isa = PBXFileReference; explicitFileType = archive.ar; includeInIndex = 0; path = "libPods-EverydayPushTag.a"; sourceTree = BUILT_PRODUCTS_DIR; };
/* End PBXFileReference section */

/* Begin PBXFrameworksBuildPhase section */
		A437F50620F38DAA002975B6 /* Frameworks */ = {
			isa = PBXFrameworksBuildPhase;
			buildActionMask = 2147483647;
			files = (
				BFAD25C43755AA5AEC501A56 /* libPods-EverydayPushTag.a in Frameworks */,
			);
			runOnlyForDeploymentPostprocessing = 0;
		};
		A437F51E20F38DAB002975B6 /* Frameworks */ = {
			isa = PBXFrameworksBuildPhase;
			buildActionMask = 2147483647;
			files = (
			);
			runOnlyForDeploymentPostprocessing = 0;
		};
		A437F52920F38DAB002975B6 /* Frameworks */ = {
			isa = PBXFrameworksBuildPhase;
			buildActionMask = 2147483647;
			files = (
			);
			runOnlyForDeploymentPostprocessing = 0;
		};
/* End PBXFrameworksBuildPhase section */

/* Begin PBXGroup section */
		62DD6CB6185E7AD0AC16CF08 /* Pods */ = {
			isa = PBXGroup;
			children = (
				A637411ECAE0AB28FE50B6F4 /* Pods-EverydayPushTag.debug.xcconfig */,
				1331632E6E5849BDF5955E30 /* Pods-EverydayPushTag.release.xcconfig */,
			);
			name = Pods;
			sourceTree = "<group>";
		};
		A0AFA91687798795F6011462 /* Frameworks */ = {
			isa = PBXGroup;
			children = (
				CDC07B4D9B1BF7BC39BFE652 /* libPods-EverydayPushTag.a */,
			);
			name = Frameworks;
			sourceTree = "<group>";
		};
		A437F50020F38DAA002975B6 = {
			isa = PBXGroup;
			children = (
				A437F50B20F38DAA002975B6 /* EverydayPushTag */,
				A437F52420F38DAB002975B6 /* EverydayPushTagTests */,
				A437F52F20F38DAB002975B6 /* EverydayPushTagUITests */,
				A437F50A20F38DAA002975B6 /* Products */,
				62DD6CB6185E7AD0AC16CF08 /* Pods */,
				A0AFA91687798795F6011462 /* Frameworks */,
			);
			sourceTree = "<group>";
		};
		A437F50A20F38DAA002975B6 /* Products */ = {
			isa = PBXGroup;
			children = (
				A437F50920F38DAA002975B6 /* EverydayPushTag.app */,
				A437F52120F38DAB002975B6 /* EverydayPushTagTests.xctest */,
				A437F52C20F38DAB002975B6 /* EverydayPushTagUITests.xctest */,
			);
			name = Products;
			sourceTree = "<group>";
		};
		A437F50B20F38DAA002975B6 /* EverydayPushTag */ = {
			isa = PBXGroup;
			children = (
				A46670E12100423500DE5832 /* LYSDatePickerController */,
				A4BB888C20F78D4B005B70B0 /* Video */,
				A4BB888320F77E3F005B70B0 /* STLBGVideo */,
				A4E9EA0920F4B12700C27FE5 /* Util */,
				A437F54120F391B9002975B6 /* View */,
				A437F50C20F38DAA002975B6 /* AppDelegate.h */,
				A437F50D20F38DAA002975B6 /* AppDelegate.m */,
				A437F53E20F38EEB002975B6 /* SBHomeController.h */,
				A437F53F20F38EEB002975B6 /* SBHomeController.m */,
				A4D2E47920F4EC1A001F5ADE /* SBRecordController.h */,
				A4D2E47A20F4EC1A001F5ADE /* SBRecordController.m */,
				A4BB888020F65C68005B70B0 /* SBModel.h */,
				A4BB888120F65C68005B70B0 /* SBModel.m */,
				A437F51520F38DAB002975B6 /* Assets.xcassets */,
				A437F51720F38DAB002975B6 /* LaunchScreen.storyboard */,
				A437F51A20F38DAB002975B6 /* Info.plist */,
				A437F51B20F38DAB002975B6 /* main.m */,
				A4D2E47F20F4EC9C001F5ADE /* SBTAG_PrefixHeader.pch */,
			);
			path = EverydayPushTag;
			sourceTree = "<group>";
		};
		A437F52420F38DAB002975B6 /* EverydayPushTagTests */ = {
			isa = PBXGroup;
			children = (
				A437F52520F38DAB002975B6 /* EverydayPushTagTests.m */,
				A437F52720F38DAB002975B6 /* Info.plist */,
			);
			path = EverydayPushTagTests;
			sourceTree = "<group>";
		};
		A437F52F20F38DAB002975B6 /* EverydayPushTagUITests */ = {
			isa = PBXGroup;
			children = (
				A437F53020F38DAB002975B6 /* EverydayPushTagUITests.m */,
				A437F53220F38DAB002975B6 /* Info.plist */,
			);
			path = EverydayPushTagUITests;
			sourceTree = "<group>";
		};
		A437F54120F391B9002975B6 /* View */ = {
			isa = PBXGroup;
			children = (
				A437F54220F391D5002975B6 /* SBTagView.h */,
				A437F54320F391D5002975B6 /* SBTagView.m */,
				A4E9EA0620F4B0AD00C27FE5 /* SBTimeView.h */,
				A4E9EA0720F4B0AD00C27FE5 /* SBTimeView.m */,
			);
			path = View;
			sourceTree = "<group>";
		};
		A46670E12100423500DE5832 /* LYSDatePickerController */ = {
			isa = PBXGroup;
			children = (
				A46670E22100423500DE5832 /* LYSDatePickerTypeDayAndTimeDelegate.h */,
				A46670E32100423500DE5832 /* LYSDateContentView.m */,
				A46670E42100423500DE5832 /* LYSDateHeaderViewController.h */,
				A46670E52100423500DE5832 /* LYSDatePickerLabel.h */,
				A46670E62100423500DE5832 /* LYSDatePickerManager.h */,
				A46670E72100423500DE5832 /* LYSDatePopViewController.m */,
				A46670E82100423500DE5832 /* LYSDateIndicatorViewController.h */,
				A46670E92100423500DE5832 /* LYSDateBasicViewController.h */,
				A46670EA2100423500DE5832 /* LYSDatePickerTypeBase.h */,
				A46670EB2100423500DE5832 /* LYSDatePickerSelectDelegate.h */,
				A46670EC2100423500DE5832 /* LYSDatePickerItem.h */,
				A46670ED2100423500DE5832 /* LYSDatePickerTypeDayDelegate.h */,
				A46670EE2100423500DE5832 /* LYSDatePickerTypeTimeDelegate.h */,
				A46670EF2100423500DE5832 /* LYSDateBaseViewController.m */,
				A46670F02100423500DE5832 /* LYSDateLogicViewController.m */,
				A46670F12100423500DE5832 /* LYSDatePickerHeaderView.h */,
				A46670F22100423500DE5832 /* LYSDatePickerController.h */,
				A46670F32100423500DE5832 /* LYSDatePickerViewController.m */,
				A46670F42100423500DE5832 /* LYSDateHeaderViewController.m */,
				A46670F52100423500DE5832 /* LYSDatePickerLabel.m */,
				A46670F62100423500DE5832 /* LYSDateContentView.h */,
				A46670F72100423500DE5832 /* LYSDatePickerTypeDayAndTimeDelegate.m */,
				A46670F82100423500DE5832 /* LYSDateBasicViewController.m */,
				A46670F92100423500DE5832 /* LYSDateIndicatorViewController.m */,
				A46670FA2100423500DE5832 /* LYSDatePopViewController.h */,
				A46670FB2100423500DE5832 /* LYSDatePickerManager.m */,
				A46670FC2100423500DE5832 /* LYSDateBaseViewController.h */,
				A46670FD2100423500DE5832 /* LYSDatePickerTypeDayDelegate.m */,
				A46670FE2100423500DE5832 /* LYSDatePickerTypeTimeDelegate.m */,
				A46670FF2100423500DE5832 /* LYSDatePickerItem.m */,
				A46671002100423500DE5832 /* LYSDatePickerTypeBase.m */,
				A46671012100423500DE5832 /* LYSDatePickerViewController.h */,
				A46671022100423500DE5832 /* LYSDatePickerController.m */,
				A46671032100423500DE5832 /* LYSDatePickerHeaderView.m */,
				A46671042100423500DE5832 /* LYSDateLogicViewController.h */,
			);
			path = LYSDatePickerController;
			sourceTree = "<group>";
		};
		A4BB888320F77E3F005B70B0 /* STLBGVideo */ = {
			isa = PBXGroup;
			children = (
				A4BB888420F77E3F005B70B0 /* C415F3F13BBD50B1-info.plist */,
				A4BB888820F77E3F005B70B0 /* STLVideoFunctions.h */,
				A4BB888620F77E3F005B70B0 /* STLVideoFunctions.m */,
				A4BB888520F77E3F005B70B0 /* STLVideoViewController.h */,
				A4BB888720F77E3F005B70B0 /* STLVideoViewController.m */,
			);
			path = STLBGVideo;
			sourceTree = "<group>";
		};
		A4BB888C20F78D4B005B70B0 /* Video */ = {
			isa = PBXGroup;
			children = (
				A4BB889320F7987A005B70B0 /* BridgeLoop-640p.MOV */,
			);
			path = Video;
			sourceTree = "<group>";
		};
		A4E9EA0920F4B12700C27FE5 /* Util */ = {
			isa = PBXGroup;
			children = (
				A4D2E48C20F4FCBF001F5ADE /* SBDataManager.h */,
				A4D2E48D20F4FCC0001F5ADE /* SBDataManager.m */,
				A4E9EA0A20F4B14A00C27FE5 /* SBTimeManager.h */,
				A4E9EA0B20F4B14A00C27FE5 /* SBTimeManager.m */,
				A4D2E47C20F4EC6E001F5ADE /* SBFileManager.h */,
				A4D2E47D20F4EC6E001F5ADE /* SBFileManager.m */,
			);
			path = Util;
			sourceTree = "<group>";
		};
/* End PBXGroup section */

/* Begin PBXNativeTarget section */
		A437F50820F38DAA002975B6 /* EverydayPushTag */ = {
			isa = PBXNativeTarget;
			buildConfigurationList = A437F53520F38DAB002975B6 /* Build configuration list for PBXNativeTarget "EverydayPushTag" */;
			buildPhases = (
				9152129351FEBBE6DED710A9 /* [CP] Check Pods Manifest.lock */,
				A437F50520F38DAA002975B6 /* Sources */,
				A437F50620F38DAA002975B6 /* Frameworks */,
				A437F50720F38DAA002975B6 /* Resources */,
			);
			buildRules = (
			);
			dependencies = (
			);
			name = EverydayPushTag;
			productName = EverydayPushTag;
			productReference = A437F50920F38DAA002975B6 /* EverydayPushTag.app */;
			productType = "com.apple.product-type.application";
		};
		A437F52020F38DAB002975B6 /* EverydayPushTagTests */ = {
			isa = PBXNativeTarget;
			buildConfigurationList = A437F53820F38DAB002975B6 /* Build configuration list for PBXNativeTarget "EverydayPushTagTests" */;
			buildPhases = (
				A437F51D20F38DAB002975B6 /* Sources */,
				A437F51E20F38DAB002975B6 /* Frameworks */,
				A437F51F20F38DAB002975B6 /* Resources */,
			);
			buildRules = (
			);
			dependencies = (
				A437F52320F38DAB002975B6 /* PBXTargetDependency */,
			);
			name = EverydayPushTagTests;
			productName = EverydayPushTagTests;
			productReference = A437F52120F38DAB002975B6 /* EverydayPushTagTests.xctest */;
			productType = "com.apple.product-type.bundle.unit-test";
		};
		A437F52B20F38DAB002975B6 /* EverydayPushTagUITests */ = {
			isa = PBXNativeTarget;
			buildConfigurationList = A437F53B20F38DAB002975B6 /* Build configuration list for PBXNativeTarget "EverydayPushTagUITests" */;
			buildPhases = (
				A437F52820F38DAB002975B6 /* Sources */,
				A437F52920F38DAB002975B6 /* Frameworks */,
				A437F52A20F38DAB002975B6 /* Resources */,
			);
			buildRules = (
			);
			dependencies = (
				A437F52E20F38DAB002975B6 /* PBXTargetDependency */,
			);
			name = EverydayPushTagUITests;
			productName = EverydayPushTagUITests;
			productReference = A437F52C20F38DAB002975B6 /* EverydayPushTagUITests.xctest */;
			productType = "com.apple.product-type.bundle.ui-testing";
		};
/* End PBXNativeTarget section */

/* Begin PBXProject section */
		A437F50120F38DAA002975B6 /* Project object */ = {
			isa = PBXProject;
			attributes = {
				CLASSPREFIX = SB;
				LastUpgradeCheck = 0940;
				ORGANIZATIONNAME = POPLAR;
				TargetAttributes = {
					A437F50820F38DAA002975B6 = {
						CreatedOnToolsVersion = 9.4.1;
					};
					A437F52020F38DAB002975B6 = {
						CreatedOnToolsVersion = 9.4.1;
						TestTargetID = A437F50820F38DAA002975B6;
					};
					A437F52B20F38DAB002975B6 = {
						CreatedOnToolsVersion = 9.4.1;
						TestTargetID = A437F50820F38DAA002975B6;
					};
				};
			};
			buildConfigurationList = A437F50420F38DAA002975B6 /* Build configuration list for PBXProject "EverydayPushTag" */;
			compatibilityVersion = "Xcode 9.3";
			developmentRegion = en;
			hasScannedForEncodings = 0;
			knownRegions = (
				en,
				Base,
			);
			mainGroup = A437F50020F38DAA002975B6;
			productRefGroup = A437F50A20F38DAA002975B6 /* Products */;
			projectDirPath = "";
			projectRoot = "";
			targets = (
				A437F50820F38DAA002975B6 /* EverydayPushTag */,
				A437F52020F38DAB002975B6 /* EverydayPushTagTests */,
				A437F52B20F38DAB002975B6 /* EverydayPushTagUITests */,
			);
		};
/* End PBXProject section */

/* Begin PBXResourcesBuildPhase section */
		A437F50720F38DAA002975B6 /* Resources */ = {
			isa = PBXResourcesBuildPhase;
			buildActionMask = 2147483647;
			files = (
				A4BB889420F7987A005B70B0 /* BridgeLoop-640p.MOV in Resources */,
				A437F51920F38DAB002975B6 /* LaunchScreen.storyboard in Resources */,
				A4BB888920F77E3F005B70B0 /* C415F3F13BBD50B1-info.plist in Resources */,
				A437F51620F38DAB002975B6 /* Assets.xcassets in Resources */,
			);
			runOnlyForDeploymentPostprocessing = 0;
		};
		A437F51F20F38DAB002975B6 /* Resources */ = {
			isa = PBXResourcesBuildPhase;
			buildActionMask = 2147483647;
			files = (
			);
			runOnlyForDeploymentPostprocessing = 0;
		};
		A437F52A20F38DAB002975B6 /* Resources */ = {
			isa = PBXResourcesBuildPhase;
			buildActionMask = 2147483647;
			files = (
			);
			runOnlyForDeploymentPostprocessing = 0;
		};
/* End PBXResourcesBuildPhase section */

/* Begin PBXShellScriptBuildPhase section */
		9152129351FEBBE6DED710A9 /* [CP] Check Pods Manifest.lock */ = {
			isa = PBXShellScriptBuildPhase;
			buildActionMask = 2147483647;
			files = (
			);
			inputPaths = (
				"${PODS_PODFILE_DIR_PATH}/Podfile.lock",
				"${PODS_ROOT}/Manifest.lock",
			);
			name = "[CP] Check Pods Manifest.lock";
			outputPaths = (
				"$(DERIVED_FILE_DIR)/Pods-EverydayPushTag-checkManifestLockResult.txt",
			);
			runOnlyForDeploymentPostprocessing = 0;
			shellPath = /bin/sh;
			shellScript = "diff \"${PODS_PODFILE_DIR_PATH}/Podfile.lock\" \"${PODS_ROOT}/Manifest.lock\" > /dev/null\nif [ $? != 0 ] ; then\n    # print error to STDERR\n    echo \"error: The sandbox is not in sync with the Podfile.lock. Run 'pod install' or update your CocoaPods installation.\" >&2\n    exit 1\nfi\n# This output is used by Xcode 'outputs' to avoid re-running this script phase.\necho \"SUCCESS\" > \"${SCRIPT_OUTPUT_FILE_0}\"\n";
			showEnvVarsInLog = 0;
		};
/* End PBXShellScriptBuildPhase section */

/* Begin PBXSourcesBuildPhase section */
		A437F50520F38DAA002975B6 /* Sources */ = {
			isa = PBXSourcesBuildPhase;
			buildActionMask = 2147483647;
			files = (
				A466710E2100423500DE5832 /* LYSDateIndicatorViewController.m in Sources */,
				A466710F2100423500DE5832 /* LYSDatePickerManager.m in Sources */,
				A4BB888A20F77E3F005B70B0 /* STLVideoFunctions.m in Sources */,
				A46671152100423500DE5832 /* LYSDatePickerHeaderView.m in Sources */,
				A46671062100423500DE5832 /* LYSDatePopViewController.m in Sources */,
				A466710D2100423500DE5832 /* LYSDateBasicViewController.m in Sources */,
				A437F51C20F38DAB002975B6 /* main.m in Sources */,
				A437F50E20F38DAA002975B6 /* AppDelegate.m in Sources */,
				A4D2E47E20F4EC6E001F5ADE /* SBFileManager.m in Sources */,
				A4E9EA0820F4B0AD00C27FE5 /* SBTimeView.m in Sources */,
				A4BB888220F65C68005B70B0 /* SBModel.m in Sources */,
				A46671072100423500DE5832 /* LYSDateBaseViewController.m in Sources */,
				A46671092100423500DE5832 /* LYSDatePickerViewController.m in Sources */,
				A437F54420F391D5002975B6 /* SBTagView.m in Sources */,
				A437F54020F38EEB002975B6 /* SBHomeController.m in Sources */,
				A46671112100423500DE5832 /* LYSDatePickerTypeTimeDelegate.m in Sources */,
				A46671082100423500DE5832 /* LYSDateLogicViewController.m in Sources */,
				A466710A2100423500DE5832 /* LYSDateHeaderViewController.m in Sources */,
				A46671132100423500DE5832 /* LYSDatePickerTypeBase.m in Sources */,
				A46671102100423500DE5832 /* LYSDatePickerTypeDayDelegate.m in Sources */,
				A4BB888B20F77E3F005B70B0 /* STLVideoViewController.m in Sources */,
				A46671142100423500DE5832 /* LYSDatePickerController.m in Sources */,
				A4E9EA0C20F4B14A00C27FE5 /* SBTimeManager.m in Sources */,
				A46671052100423500DE5832 /* LYSDateContentView.m in Sources */,
				A4D2E47B20F4EC1A001F5ADE /* SBRecordController.m in Sources */,
				A466710C2100423500DE5832 /* LYSDatePickerTypeDayAndTimeDelegate.m in Sources */,
				A46671122100423500DE5832 /* LYSDatePickerItem.m in Sources */,
				A466710B2100423500DE5832 /* LYSDatePickerLabel.m in Sources */,
				A4D2E48E20F4FCC0001F5ADE /* SBDataManager.m in Sources */,
			);
			runOnlyForDeploymentPostprocessing = 0;
		};
		A437F51D20F38DAB002975B6 /* Sources */ = {
			isa = PBXSourcesBuildPhase;
			buildActionMask = 2147483647;
			files = (
				A437F52620F38DAB002975B6 /* EverydayPushTagTests.m in Sources */,
			);
			runOnlyForDeploymentPostprocessing = 0;
		};
		A437F52820F38DAB002975B6 /* Sources */ = {
			isa = PBXSourcesBuildPhase;
			buildActionMask = 2147483647;
			files = (
				A437F53120F38DAB002975B6 /* EverydayPushTagUITests.m in Sources */,
			);
			runOnlyForDeploymentPostprocessing = 0;
		};
/* End PBXSourcesBuildPhase section */

/* Begin PBXTargetDependency section */
		A437F52320F38DAB002975B6 /* PBXTargetDependency */ = {
			isa = PBXTargetDependency;
			target = A437F50820F38DAA002975B6 /* EverydayPushTag */;
			targetProxy = A437F52220F38DAB002975B6 /* PBXContainerItemProxy */;
		};
		A437F52E20F38DAB002975B6 /* PBXTargetDependency */ = {
			isa = PBXTargetDependency;
			target = A437F50820F38DAA002975B6 /* EverydayPushTag */;
			targetProxy = A437F52D20F38DAB002975B6 /* PBXContainerItemProxy */;
		};
/* End PBXTargetDependency section */

/* Begin PBXVariantGroup section */
		A437F51720F38DAB002975B6 /* LaunchScreen.storyboard */ = {
			isa = PBXVariantGroup;
			children = (
				A437F51820F38DAB002975B6 /* Base */,
			);
			name = LaunchScreen.storyboard;
			sourceTree = "<group>";
		};
/* End PBXVariantGroup section */

/* Begin XCBuildConfiguration section */
		A437F53320F38DAB002975B6 /* Debug */ = {
			isa = XCBuildConfiguration;
			buildSettings = {
				ALWAYS_SEARCH_USER_PATHS = NO;
				CLANG_ANALYZER_NONNULL = YES;
				CLANG_ANALYZER_NUMBER_OBJECT_CONVERSION = YES_AGGRESSIVE;
				CLANG_CXX_LANGUAGE_STANDARD = "gnu++14";
				CLANG_CXX_LIBRARY = "libc++";
				CLANG_ENABLE_MODULES = YES;
				CLANG_ENABLE_OBJC_ARC = YES;
				CLANG_ENABLE_OBJC_WEAK = YES;
				CLANG_WARN_BLOCK_CAPTURE_AUTORELEASING = YES;
				CLANG_WARN_BOOL_CONVERSION = YES;
				CLANG_WARN_COMMA = YES;
				CLANG_WARN_CONSTANT_CONVERSION = YES;
				CLANG_WARN_DEPRECATED_OBJC_IMPLEMENTATIONS = YES;
				CLANG_WARN_DIRECT_OBJC_ISA_USAGE = YES_ERROR;
				CLANG_WARN_DOCUMENTATION_COMMENTS = YES;
				CLANG_WARN_EMPTY_BODY = YES;
				CLANG_WARN_ENUM_CONVERSION = YES;
				CLANG_WARN_INFINITE_RECURSION = YES;
				CLANG_WARN_INT_CONVERSION = YES;
				CLANG_WARN_NON_LITERAL_NULL_CONVERSION = YES;
				CLANG_WARN_OBJC_IMPLICIT_RETAIN_SELF = YES;
				CLANG_WARN_OBJC_LITERAL_CONVERSION = YES;
				CLANG_WARN_OBJC_ROOT_CLASS = YES_ERROR;
				CLANG_WARN_RANGE_LOOP_ANALYSIS = YES;
				CLANG_WARN_STRICT_PROTOTYPES = YES;
				CLANG_WARN_SUSPICIOUS_MOVE = YES;
				CLANG_WARN_UNGUARDED_AVAILABILITY = YES_AGGRESSIVE;
				CLANG_WARN_UNREACHABLE_CODE = YES;
				CLANG_WARN__DUPLICATE_METHOD_MATCH = YES;
				CODE_SIGN_IDENTITY = "iPhone Developer";
				COPY_PHASE_STRIP = NO;
				DEBUG_INFORMATION_FORMAT = dwarf;
				ENABLE_STRICT_OBJC_MSGSEND = YES;
				ENABLE_TESTABILITY = YES;
				GCC_C_LANGUAGE_STANDARD = gnu11;
				GCC_DYNAMIC_NO_PIC = NO;
				GCC_NO_COMMON_BLOCKS = YES;
				GCC_OPTIMIZATION_LEVEL = 0;
				GCC_PREPROCESSOR_DEFINITIONS = (
					"DEBUG=1",
					"$(inherited)",
				);
				GCC_WARN_64_TO_32_BIT_CONVERSION = YES;
				GCC_WARN_ABOUT_RETURN_TYPE = YES_ERROR;
				GCC_WARN_UNDECLARED_SELECTOR = YES;
				GCC_WARN_UNINITIALIZED_AUTOS = YES_AGGRESSIVE;
				GCC_WARN_UNUSED_FUNCTION = YES;
				GCC_WARN_UNUSED_VARIABLE = YES;
				IPHONEOS_DEPLOYMENT_TARGET = 11.4;
				MTL_ENABLE_DEBUG_INFO = YES;
				ONLY_ACTIVE_ARCH = YES;
				SDKROOT = iphoneos;
			};
			name = Debug;
		};
		A437F53420F38DAB002975B6 /* Release */ = {
			isa = XCBuildConfiguration;
			buildSettings = {
				ALWAYS_SEARCH_USER_PATHS = NO;
				CLANG_ANALYZER_NONNULL = YES;
				CLANG_ANALYZER_NUMBER_OBJECT_CONVERSION = YES_AGGRESSIVE;
				CLANG_CXX_LANGUAGE_STANDARD = "gnu++14";
				CLANG_CXX_LIBRARY = "libc++";
				CLANG_ENABLE_MODULES = YES;
				CLANG_ENABLE_OBJC_ARC = YES;
				CLANG_ENABLE_OBJC_WEAK = YES;
				CLANG_WARN_BLOCK_CAPTURE_AUTORELEASING = YES;
				CLANG_WARN_BOOL_CONVERSION = YES;
				CLANG_WARN_COMMA = YES;
				CLANG_WARN_CONSTANT_CONVERSION = YES;
				CLANG_WARN_DEPRECATED_OBJC_IMPLEMENTATIONS = YES;
				CLANG_WARN_DIRECT_OBJC_ISA_USAGE = YES_ERROR;
				CLANG_WARN_DOCUMENTATION_COMMENTS = YES;
				CLANG_WARN_EMPTY_BODY = YES;
				CLANG_WARN_ENUM_CONVERSION = YES;
				CLANG_WARN_INFINITE_RECURSION = YES;
				CLANG_WARN_INT_CONVERSION = YES;
				CLANG_WARN_NON_LITERAL_NULL_CONVERSION = YES;
				CLANG_WARN_OBJC_IMPLICIT_RETAIN_SELF = YES;
				CLANG_WARN_OBJC_LITERAL_CONVERSION = YES;
				CLANG_WARN_OBJC_ROOT_CLASS = YES_ERROR;
				CLANG_WARN_RANGE_LOOP_ANALYSIS = YES;
				CLANG_WARN_STRICT_PROTOTYPES = YES;
				CLANG_WARN_SUSPICIOUS_MOVE = YES;
				CLANG_WARN_UNGUARDED_AVAILABILITY = YES_AGGRESSIVE;
				CLANG_WARN_UNREACHABLE_CODE = YES;
				CLANG_WARN__DUPLICATE_METHOD_MATCH = YES;
				CODE_SIGN_IDENTITY = "iPhone Developer";
				COPY_PHASE_STRIP = NO;
				DEBUG_INFORMATION_FORMAT = "dwarf-with-dsym";
				ENABLE_NS_ASSERTIONS = NO;
				ENABLE_STRICT_OBJC_MSGSEND = YES;
				GCC_C_LANGUAGE_STANDARD = gnu11;
				GCC_NO_COMMON_BLOCKS = YES;
				GCC_WARN_64_TO_32_BIT_CONVERSION = YES;
				GCC_WARN_ABOUT_RETURN_TYPE = YES_ERROR;
				GCC_WARN_UNDECLARED_SELECTOR = YES;
				GCC_WARN_UNINITIALIZED_AUTOS = YES_AGGRESSIVE;
				GCC_WARN_UNUSED_FUNCTION = YES;
				GCC_WARN_UNUSED_VARIABLE = YES;
				IPHONEOS_DEPLOYMENT_TARGET = 11.4;
				MTL_ENABLE_DEBUG_INFO = NO;
				SDKROOT = iphoneos;
				VALIDATE_PRODUCT = YES;
			};
			name = Release;
		};
		A437F53620F38DAB002975B6 /* Debug */ = {
			isa = XCBuildConfiguration;
			baseConfigurationReference = A637411ECAE0AB28FE50B6F4 /* Pods-EverydayPushTag.debug.xcconfig */;
			buildSettings = {
				ASSETCATALOG_COMPILER_APPICON_NAME = AppIcon;
				CODE_SIGN_STYLE = Automatic;
				DEVELOPMENT_TEAM = XBD2EDB9AY;
				GCC_PRECOMPILE_PREFIX_HEADER = YES;
				GCC_PREFIX_HEADER = EverydayPushTag/SBTAG_PrefixHeader.pch;
				INFOPLIST_FILE = EverydayPushTag/Info.plist;
				IPHONEOS_DEPLOYMENT_TARGET = 10.0;
				LD_RUNPATH_SEARCH_PATHS = (
					"$(inherited)",
					"@executable_path/Frameworks",
				);
				PRODUCT_BUNDLE_IDENTIFIER = com.poplar.EverydayPushTag;
				PRODUCT_NAME = "$(TARGET_NAME)";
				TARGETED_DEVICE_FAMILY = "1,2";
			};
			name = Debug;
		};
		A437F53720F38DAB002975B6 /* Release */ = {
			isa = XCBuildConfiguration;
			baseConfigurationReference = 1331632E6E5849BDF5955E30 /* Pods-EverydayPushTag.release.xcconfig */;
			buildSettings = {
				ASSETCATALOG_COMPILER_APPICON_NAME = AppIcon;
				CODE_SIGN_STYLE = Automatic;
				DEVELOPMENT_TEAM = XBD2EDB9AY;
				GCC_PRECOMPILE_PREFIX_HEADER = YES;
				GCC_PREFIX_HEADER = EverydayPushTag/SBTAG_PrefixHeader.pch;
				INFOPLIST_FILE = EverydayPushTag/Info.plist;
				IPHONEOS_DEPLOYMENT_TARGET = 10.0;
				LD_RUNPATH_SEARCH_PATHS = (
					"$(inherited)",
					"@executable_path/Frameworks",
				);
				PRODUCT_BUNDLE_IDENTIFIER = com.poplar.EverydayPushTag;
				PRODUCT_NAME = "$(TARGET_NAME)";
				TARGETED_DEVICE_FAMILY = "1,2";
			};
			name = Release;
		};
		A437F53920F38DAB002975B6 /* Debug */ = {
			isa = XCBuildConfiguration;
			buildSettings = {
				BUNDLE_LOADER = "$(TEST_HOST)";
				CODE_SIGN_STYLE = Automatic;
				INFOPLIST_FILE = EverydayPushTagTests/Info.plist;
				LD_RUNPATH_SEARCH_PATHS = (
					"$(inherited)",
					"@executable_path/Frameworks",
					"@loader_path/Frameworks",
				);
				PRODUCT_BUNDLE_IDENTIFIER = com.poplar.EverydayPushTagTests;
				PRODUCT_NAME = "$(TARGET_NAME)";
				TARGETED_DEVICE_FAMILY = "1,2";
				TEST_HOST = "$(BUILT_PRODUCTS_DIR)/EverydayPushTag.app/EverydayPushTag";
			};
			name = Debug;
		};
		A437F53A20F38DAB002975B6 /* Release */ = {
			isa = XCBuildConfiguration;
			buildSettings = {
				BUNDLE_LOADER = "$(TEST_HOST)";
				CODE_SIGN_STYLE = Automatic;
				INFOPLIST_FILE = EverydayPushTagTests/Info.plist;
				LD_RUNPATH_SEARCH_PATHS = (
					"$(inherited)",
					"@executable_path/Frameworks",
					"@loader_path/Frameworks",
				);
				PRODUCT_BUNDLE_IDENTIFIER = com.poplar.EverydayPushTagTests;
				PRODUCT_NAME = "$(TARGET_NAME)";
				TARGETED_DEVICE_FAMILY = "1,2";
				TEST_HOST = "$(BUILT_PRODUCTS_DIR)/EverydayPushTag.app/EverydayPushTag";
			};
			name = Release;
		};
		A437F53C20F38DAB002975B6 /* Debug */ = {
			isa = XCBuildConfiguration;
			buildSettings = {
				CODE_SIGN_STYLE = Automatic;
				INFOPLIST_FILE = EverydayPushTagUITests/Info.plist;
				LD_RUNPATH_SEARCH_PATHS = (
					"$(inherited)",
					"@executable_path/Frameworks",
					"@loader_path/Frameworks",
				);
				PRODUCT_BUNDLE_IDENTIFIER = com.poplar.EverydayPushTagUITests;
				PRODUCT_NAME = "$(TARGET_NAME)";
				TARGETED_DEVICE_FAMILY = "1,2";
				TEST_TARGET_NAME = EverydayPushTag;
			};
			name = Debug;
		};
		A437F53D20F38DAB002975B6 /* Release */ = {
			isa = XCBuildConfiguration;
			buildSettings = {
				CODE_SIGN_STYLE = Automatic;
				INFOPLIST_FILE = EverydayPushTagUITests/Info.plist;
				LD_RUNPATH_SEARCH_PATHS = (
					"$(inherited)",
					"@executable_path/Frameworks",
					"@loader_path/Frameworks",
				);
				PRODUCT_BUNDLE_IDENTIFIER = com.poplar.EverydayPushTagUITests;
				PRODUCT_NAME = "$(TARGET_NAME)";
				TARGETED_DEVICE_FAMILY = "1,2";
				TEST_TARGET_NAME = EverydayPushTag;
			};
			name = Release;
		};
/* End XCBuildConfiguration section */

/* Begin XCConfigurationList section */
		A437F50420F38DAA002975B6 /* Build configuration list for PBXProject "EverydayPushTag" */ = {
			isa = XCConfigurationList;
			buildConfigurations = (
				A437F53320F38DAB002975B6 /* Debug */,
				A437F53420F38DAB002975B6 /* Release */,
			);
			defaultConfigurationIsVisible = 0;
			defaultConfigurationName = Release;
		};
		A437F53520F38DAB002975B6 /* Build configuration list for PBXNativeTarget "EverydayPushTag" */ = {
			isa = XCConfigurationList;
			buildConfigurations = (
				A437F53620F38DAB002975B6 /* Debug */,
				A437F53720F38DAB002975B6 /* Release */,
			);
			defaultConfigurationIsVisible = 0;
			defaultConfigurationName = Release;
		};
		A437F53820F38DAB002975B6 /* Build configuration list for PBXNativeTarget "EverydayPushTagTests" */ = {
			isa = XCConfigurationList;
			buildConfigurations = (
				A437F53920F38DAB002975B6 /* Debug */,
				A437F53A20F38DAB002975B6 /* Release */,
			);
			defaultConfigurationIsVisible = 0;
			defaultConfigurationName = Release;
		};
		A437F53B20F38DAB002975B6 /* Build configuration list for PBXNativeTarget "EverydayPushTagUITests" */ = {
			isa = XCConfigurationList;
			buildConfigurations = (
				A437F53C20F38DAB002975B6 /* Debug */,
				A437F53D20F38DAB002975B6 /* Release */,
			);
			defaultConfigurationIsVisible = 0;
			defaultConfigurationName = Release;
		};
/* End XCConfigurationList section */
	};
	rootObject = A437F50120F38DAA002975B6 /* Project object */;
}
